{
  "requires": true,
  "lockfileVersion": 1,
  "dependencies": {
    "git-open": {
      "version": "2.0.0",
      "resolved": "https://registry.npmjs.org/git-open/-/git-open-2.0.0.tgz",
      "integrity": "sha512-7K7aw3R+tBZSnB1cA9OFG/yESdGREsN5l4w3BwEjVTnCfDTv+6cxBil+WcJ1uUK7nhHN6wRJBC4gzeRVtk7WRg=="
    }
  }
}
